
Microsoft Visual Studio Solution File, Format Version 12.00
# Visual Studio Version 17
VisualStudioVersion = 17.10.35122.118
MinimumVisualStudioVersion = 10.0.40219.1
Project("{2150E333-8FDC-42A3-9474-1A3956D46DE8}") = "src", "src", "{BC243993-EAA0-4BB2-910D-AD5022638F68}"
EndProject
Project("{2150E333-8FDC-42A3-9474-1A3956D46DE8}") = "AppGateways", "AppGateways", "{283260B4-E5E1-4942-9F4E-F27E5CE574DB}"
EndProject
Project("{2150E333-8FDC-42A3-9474-1A3956D46DE8}") = "BuildingBlocks", "BuildingBlocks", "{4AF59106-0C31-49BD-AE64-802CE80793E8}"
EndProject
Project("{2150E333-8FDC-42A3-9474-1A3956D46DE8}") = "Services", "Services", "{ED6869DF-CF66-403B-83F0-C031AFCFAD32}"
EndProject
Project("{2150E333-8FDC-42A3-9474-1A3956D46DE8}") = "Clients", "Clients", "{762DD966-3AAF-4EDF-B6CA-9017CE03C81D}"
EndProject
Project("{2150E333-8FDC-42A3-9474-1A3956D46DE8}") = "WebApiGateway", "WebApiGateway", "{FAF332A8-DD5B-4339-8B6D-77928AB991F9}"
EndProject
Project("{9A19103F-16F7-4668-BE54-9A1E7A4F7556}") = "Web.ApiGateway", "src\AppGateways\WebApiGateway\Web.ApiGateway\Web.ApiGateway.csproj", "{2A728BD6-AAE5-4122-8845-251A6B947314}"
EndProject
Project("{2150E333-8FDC-42A3-9474-1A3956D46DE8}") = "EventBus", "EventBus", "{5681F5B2-2995-4B05-A264-B4FD25834DEF}"
EndProject
Project("{9A19103F-16F7-4668-BE54-9A1E7A4F7556}") = "EventBus.Base", "src\BuildingBlocks\EventBus\EventBus.Base\EventBus.Base.csproj", "{B1E5D0D1-E590-4F0B-B28E-C11C5934055B}"
EndProject
Project("{9A19103F-16F7-4668-BE54-9A1E7A4F7556}") = "EventBus.Factory", "src\BuildingBlocks\EventBus\EventBus.Factory\EventBus.Factory.csproj", "{4CAC1D57-3BB4-4C22-8861-4F8B91834A2F}"
EndProject
Project("{9A19103F-16F7-4668-BE54-9A1E7A4F7556}") = "EventBus.AzureServiceBus", "src\BuildingBlocks\EventBus\EventBus.AzureServiceBus\EventBus.AzureServiceBus.csproj", "{023DBCDD-D869-4A21-8768-880F4631F979}"
EndProject
Project("{9A19103F-16F7-4668-BE54-9A1E7A4F7556}") = "EventBus.RabbitMQ", "src\BuildingBlocks\EventBus\EventBus.RabbitMQ\EventBus.RabbitMQ.csproj", "{6A386B99-B16A-48C4-B2EA-CFCE21E59F7D}"
EndProject
Project("{2150E333-8FDC-42A3-9474-1A3956D46DE8}") = "BasketService", "BasketService", "{7CDF8BBD-7B89-4CF3-AC73-2C1A47E108A4}"
EndProject
Project("{9A19103F-16F7-4668-BE54-9A1E7A4F7556}") = "BasketService.Api", "Services\BasketService\BasketService.Api\BasketService.Api.csproj", "{7501C7AD-681D-42BF-B47D-692C8F05AB7F}"
EndProject
Project("{2150E333-8FDC-42A3-9474-1A3956D46DE8}") = "CatalogService", "CatalogService", "{8EF03420-09D6-4D3A-BC5D-29A3D616339E}"
EndProject
Project("{9A19103F-16F7-4668-BE54-9A1E7A4F7556}") = "CatalogService.Api", "Services\CatalogService\CatalogService.Api\CatalogService.Api.csproj", "{15759721-0D8B-4415-A797-E9E48708A6B8}"
EndProject
Project("{2150E333-8FDC-42A3-9474-1A3956D46DE8}") = "IdentityService", "IdentityService", "{32A5D4FF-4839-49E7-8D6D-2E0D472C12CA}"
EndProject
Project("{9A19103F-16F7-4668-BE54-9A1E7A4F7556}") = "IdentityService.Api", "Services\IdentityService\IdentityService.Api\IdentityService.Api.csproj", "{4D9768A4-D594-4894-BDED-CED69313BDD7}"
EndProject
Project("{2150E333-8FDC-42A3-9474-1A3956D46DE8}") = "NotificationService", "NotificationService", "{6998439C-9FD3-4704-AA57-E888C3FF7D1E}"
EndProject
Project("{2150E333-8FDC-42A3-9474-1A3956D46DE8}") = "OrderService", "OrderService", "{6D2FD15C-7700-426E-B960-8B73EBE461CB}"
EndProject
Project("{9A19103F-16F7-4668-BE54-9A1E7A4F7556}") = "OrderService.Domain", "Services\OrderService\OrderService.Domain\OrderService.Domain.csproj", "{0B7A8D5D-9E1E-4855-8C0E-65F5D2DBE7D0}"
EndProject
Project("{9A19103F-16F7-4668-BE54-9A1E7A4F7556}") = "OrderService.Application", "Services\OrderService\OrderService.Application\OrderService.Application.csproj", "{16B96180-9F56-4230-A585-E8728169248D}"
EndProject
Project("{9A19103F-16F7-4668-BE54-9A1E7A4F7556}") = "OrderService.Infrastructure", "OrderService.Infrastructure\OrderService.Infrastructure.csproj", "{CB6847D4-5C86-419D-B933-AFE863F1F879}"
EndProject
Project("{9A19103F-16F7-4668-BE54-9A1E7A4F7556}") = "OrderService.Api", "Services\OrderService\OrderService.Api\OrderService.Api.csproj", "{23E371FC-6B44-4133-A3EA-A6DF7C50E6BD}"
EndProject
Project("{2150E333-8FDC-42A3-9474-1A3956D46DE8}") = "PaymentService", "PaymentService", "{17CD40EF-5F30-4B23-8AAF-74F381B0E02D}"
EndProject
Project("{9A19103F-16F7-4668-BE54-9A1E7A4F7556}") = "PaymentService.Api", "Services\PaymentService\PaymentService.Api\PaymentService.Api.csproj", "{AD37BCBF-6264-48CC-8F3E-9B45CEECCEE5}"
EndProject
Project("{9A19103F-16F7-4668-BE54-9A1E7A4F7556}") = "NotificationService", "Services\NotificationService\NotificationService\NotificationService.csproj", "{BD6E327C-210B-4405-9BBD-0CA94D2425FB}"
EndProject
Project("{2150E333-8FDC-42A3-9474-1A3956D46DE8}") = "docker-compose-files", "docker-compose-files", "{BAC5597B-B8B1-4F1C-A8D5-5073BA9B1233}"
EndProject
Project("{2150E333-8FDC-42A3-9474-1A3956D46DE8}") = "consul", "consul", "{C1999748-6965-436E-A0F0-0AD24E8902D8}"
	ProjectSection(SolutionItems) = preProject
		docker-compose.yml = docker-compose.yml
	EndProjectSection
EndProject
Project("{2150E333-8FDC-42A3-9474-1A3956D46DE8}") = "SolutionItems", "SolutionItems", "{32C1EC8D-EF5C-490B-B717-85ED47AB36EF}"
	ProjectSection(SolutionItems) = preProject
		SolutionItems\ServiceUrls.txt = SolutionItems\ServiceUrls.txt
	EndProjectSection
EndProject
Project("{2150E333-8FDC-42A3-9474-1A3956D46DE8}") = "redis", "redis", "{1F102CC9-A377-4FE2-AB68-2EB1D1D6F7EA}"
EndProject
Global
	GlobalSection(SolutionConfigurationPlatforms) = preSolution
		Debug|Any CPU = Debug|Any CPU
		Release|Any CPU = Release|Any CPU
	EndGlobalSection
	GlobalSection(ProjectConfigurationPlatforms) = postSolution
		{2A728BD6-AAE5-4122-8845-251A6B947314}.Debug|Any CPU.ActiveCfg = Debug|Any CPU
		{2A728BD6-AAE5-4122-8845-251A6B947314}.Debug|Any CPU.Build.0 = Debug|Any CPU
		{2A728BD6-AAE5-4122-8845-251A6B947314}.Release|Any CPU.ActiveCfg = Release|Any CPU
		{2A728BD6-AAE5-4122-8845-251A6B947314}.Release|Any CPU.Build.0 = Release|Any CPU
		{B1E5D0D1-E590-4F0B-B28E-C11C5934055B}.Debug|Any CPU.ActiveCfg = Debug|Any CPU
		{B1E5D0D1-E590-4F0B-B28E-C11C5934055B}.Debug|Any CPU.Build.0 = Debug|Any CPU
		{B1E5D0D1-E590-4F0B-B28E-C11C5934055B}.Release|Any CPU.ActiveCfg = Release|Any CPU
		{B1E5D0D1-E590-4F0B-B28E-C11C5934055B}.Release|Any CPU.Build.0 = Release|Any CPU
		{4CAC1D57-3BB4-4C22-8861-4F8B91834A2F}.Debug|Any CPU.ActiveCfg = Debug|Any CPU
		{4CAC1D57-3BB4-4C22-8861-4F8B91834A2F}.Debug|Any CPU.Build.0 = Debug|Any CPU
		{4CAC1D57-3BB4-4C22-8861-4F8B91834A2F}.Release|Any CPU.ActiveCfg = Release|Any CPU
		{4CAC1D57-3BB4-4C22-8861-4F8B91834A2F}.Release|Any CPU.Build.0 = Release|Any CPU
		{023DBCDD-D869-4A21-8768-880F4631F979}.Debug|Any CPU.ActiveCfg = Debug|Any CPU
		{023DBCDD-D869-4A21-8768-880F4631F979}.Debug|Any CPU.Build.0 = Debug|Any CPU
		{023DBCDD-D869-4A21-8768-880F4631F979}.Release|Any CPU.ActiveCfg = Release|Any CPU
		{023DBCDD-D869-4A21-8768-880F4631F979}.Release|Any CPU.Build.0 = Release|Any CPU
		{6A386B99-B16A-48C4-B2EA-CFCE21E59F7D}.Debug|Any CPU.ActiveCfg = Debug|Any CPU
		{6A386B99-B16A-48C4-B2EA-CFCE21E59F7D}.Debug|Any CPU.Build.0 = Debug|Any CPU
		{6A386B99-B16A-48C4-B2EA-CFCE21E59F7D}.Release|Any CPU.ActiveCfg = Release|Any CPU
		{6A386B99-B16A-48C4-B2EA-CFCE21E59F7D}.Release|Any CPU.Build.0 = Release|Any CPU
		{7501C7AD-681D-42BF-B47D-692C8F05AB7F}.Debug|Any CPU.ActiveCfg = Debug|Any CPU
		{7501C7AD-681D-42BF-B47D-692C8F05AB7F}.Debug|Any CPU.Build.0 = Debug|Any CPU
		{7501C7AD-681D-42BF-B47D-692C8F05AB7F}.Release|Any CPU.ActiveCfg = Release|Any CPU
		{7501C7AD-681D-42BF-B47D-692C8F05AB7F}.Release|Any CPU.Build.0 = Release|Any CPU
		{15759721-0D8B-4415-A797-E9E48708A6B8}.Debug|Any CPU.ActiveCfg = Debug|Any CPU
		{15759721-0D8B-4415-A797-E9E48708A6B8}.Debug|Any CPU.Build.0 = Debug|Any CPU
		{15759721-0D8B-4415-A797-E9E48708A6B8}.Release|Any CPU.ActiveCfg = Release|Any CPU
		{15759721-0D8B-4415-A797-E9E48708A6B8}.Release|Any CPU.Build.0 = Release|Any CPU
		{4D9768A4-D594-4894-BDED-CED69313BDD7}.Debug|Any CPU.ActiveCfg = Debug|Any CPU
		{4D9768A4-D594-4894-BDED-CED69313BDD7}.Debug|Any CPU.Build.0 = Debug|Any CPU
		{4D9768A4-D594-4894-BDED-CED69313BDD7}.Release|Any CPU.ActiveCfg = Release|Any CPU
		{4D9768A4-D594-4894-BDED-CED69313BDD7}.Release|Any CPU.Build.0 = Release|Any CPU
		{0B7A8D5D-9E1E-4855-8C0E-65F5D2DBE7D0}.Debug|Any CPU.ActiveCfg = Debug|Any CPU
		{0B7A8D5D-9E1E-4855-8C0E-65F5D2DBE7D0}.Debug|Any CPU.Build.0 = Debug|Any CPU
		{0B7A8D5D-9E1E-4855-8C0E-65F5D2DBE7D0}.Release|Any CPU.ActiveCfg = Release|Any CPU
		{0B7A8D5D-9E1E-4855-8C0E-65F5D2DBE7D0}.Release|Any CPU.Build.0 = Release|Any CPU
		{16B96180-9F56-4230-A585-E8728169248D}.Debug|Any CPU.ActiveCfg = Debug|Any CPU
		{16B96180-9F56-4230-A585-E8728169248D}.Debug|Any CPU.Build.0 = Debug|Any CPU
		{16B96180-9F56-4230-A585-E8728169248D}.Release|Any CPU.ActiveCfg = Release|Any CPU
		{16B96180-9F56-4230-A585-E8728169248D}.Release|Any CPU.Build.0 = Release|Any CPU
		{CB6847D4-5C86-419D-B933-AFE863F1F879}.Debug|Any CPU.ActiveCfg = Debug|Any CPU
		{CB6847D4-5C86-419D-B933-AFE863F1F879}.Debug|Any CPU.Build.0 = Debug|Any CPU
		{CB6847D4-5C86-419D-B933-AFE863F1F879}.Release|Any CPU.ActiveCfg = Release|Any CPU
		{CB6847D4-5C86-419D-B933-AFE863F1F879}.Release|Any CPU.Build.0 = Release|Any CPU
		{23E371FC-6B44-4133-A3EA-A6DF7C50E6BD}.Debug|Any CPU.ActiveCfg = Debug|Any CPU
		{23E371FC-6B44-4133-A3EA-A6DF7C50E6BD}.Debug|Any CPU.Build.0 = Debug|Any CPU
		{23E371FC-6B44-4133-A3EA-A6DF7C50E6BD}.Release|Any CPU.ActiveCfg = Release|Any CPU
		{23E371FC-6B44-4133-A3EA-A6DF7C50E6BD}.Release|Any CPU.Build.0 = Release|Any CPU
		{AD37BCBF-6264-48CC-8F3E-9B45CEECCEE5}.Debug|Any CPU.ActiveCfg = Debug|Any CPU
		{AD37BCBF-6264-48CC-8F3E-9B45CEECCEE5}.Debug|Any CPU.Build.0 = Debug|Any CPU
		{AD37BCBF-6264-48CC-8F3E-9B45CEECCEE5}.Release|Any CPU.ActiveCfg = Release|Any CPU
		{AD37BCBF-6264-48CC-8F3E-9B45CEECCEE5}.Release|Any CPU.Build.0 = Release|Any CPU
		{BD6E327C-210B-4405-9BBD-0CA94D2425FB}.Debug|Any CPU.ActiveCfg = Debug|Any CPU
		{BD6E327C-210B-4405-9BBD-0CA94D2425FB}.Debug|Any CPU.Build.0 = Debug|Any CPU
		{BD6E327C-210B-4405-9BBD-0CA94D2425FB}.Release|Any CPU.ActiveCfg = Release|Any CPU
		{BD6E327C-210B-4405-9BBD-0CA94D2425FB}.Release|Any CPU.Build.0 = Release|Any CPU
	EndGlobalSection
	GlobalSection(SolutionProperties) = preSolution
		HideSolutionNode = FALSE
	EndGlobalSection
	GlobalSection(NestedProjects) = preSolution
		{283260B4-E5E1-4942-9F4E-F27E5CE574DB} = {BC243993-EAA0-4BB2-910D-AD5022638F68}
		{4AF59106-0C31-49BD-AE64-802CE80793E8} = {BC243993-EAA0-4BB2-910D-AD5022638F68}
		{ED6869DF-CF66-403B-83F0-C031AFCFAD32} = {BC243993-EAA0-4BB2-910D-AD5022638F68}
		{762DD966-3AAF-4EDF-B6CA-9017CE03C81D} = {BC243993-EAA0-4BB2-910D-AD5022638F68}
		{FAF332A8-DD5B-4339-8B6D-77928AB991F9} = {283260B4-E5E1-4942-9F4E-F27E5CE574DB}
		{2A728BD6-AAE5-4122-8845-251A6B947314} = {FAF332A8-DD5B-4339-8B6D-77928AB991F9}
		{5681F5B2-2995-4B05-A264-B4FD25834DEF} = {4AF59106-0C31-49BD-AE64-802CE80793E8}
		{B1E5D0D1-E590-4F0B-B28E-C11C5934055B} = {5681F5B2-2995-4B05-A264-B4FD25834DEF}
		{4CAC1D57-3BB4-4C22-8861-4F8B91834A2F} = {5681F5B2-2995-4B05-A264-B4FD25834DEF}
		{023DBCDD-D869-4A21-8768-880F4631F979} = {5681F5B2-2995-4B05-A264-B4FD25834DEF}
		{6A386B99-B16A-48C4-B2EA-CFCE21E59F7D} = {5681F5B2-2995-4B05-A264-B4FD25834DEF}
		{7CDF8BBD-7B89-4CF3-AC73-2C1A47E108A4} = {ED6869DF-CF66-403B-83F0-C031AFCFAD32}
		{7501C7AD-681D-42BF-B47D-692C8F05AB7F} = {7CDF8BBD-7B89-4CF3-AC73-2C1A47E108A4}
		{8EF03420-09D6-4D3A-BC5D-29A3D616339E} = {ED6869DF-CF66-403B-83F0-C031AFCFAD32}
		{15759721-0D8B-4415-A797-E9E48708A6B8} = {8EF03420-09D6-4D3A-BC5D-29A3D616339E}
		{32A5D4FF-4839-49E7-8D6D-2E0D472C12CA} = {ED6869DF-CF66-403B-83F0-C031AFCFAD32}
		{4D9768A4-D594-4894-BDED-CED69313BDD7} = {32A5D4FF-4839-49E7-8D6D-2E0D472C12CA}
		{6998439C-9FD3-4704-AA57-E888C3FF7D1E} = {ED6869DF-CF66-403B-83F0-C031AFCFAD32}
		{6D2FD15C-7700-426E-B960-8B73EBE461CB} = {ED6869DF-CF66-403B-83F0-C031AFCFAD32}
		{0B7A8D5D-9E1E-4855-8C0E-65F5D2DBE7D0} = {6D2FD15C-7700-426E-B960-8B73EBE461CB}
		{16B96180-9F56-4230-A585-E8728169248D} = {6D2FD15C-7700-426E-B960-8B73EBE461CB}
		{CB6847D4-5C86-419D-B933-AFE863F1F879} = {6D2FD15C-7700-426E-B960-8B73EBE461CB}
		{23E371FC-6B44-4133-A3EA-A6DF7C50E6BD} = {6D2FD15C-7700-426E-B960-8B73EBE461CB}
		{17CD40EF-5F30-4B23-8AAF-74F381B0E02D} = {ED6869DF-CF66-403B-83F0-C031AFCFAD32}
		{AD37BCBF-6264-48CC-8F3E-9B45CEECCEE5} = {17CD40EF-5F30-4B23-8AAF-74F381B0E02D}
		{BD6E327C-210B-4405-9BBD-0CA94D2425FB} = {6998439C-9FD3-4704-AA57-E888C3FF7D1E}
		{C1999748-6965-436E-A0F0-0AD24E8902D8} = {BAC5597B-B8B1-4F1C-A8D5-5073BA9B1233}
		{1F102CC9-A377-4FE2-AB68-2EB1D1D6F7EA} = {BAC5597B-B8B1-4F1C-A8D5-5073BA9B1233}
	EndGlobalSection
	GlobalSection(ExtensibilityGlobals) = postSolution
		SolutionGuid = {4983E7AB-EF79-4300-9AA0-05F993E073EF}
	EndGlobalSection
EndGlobal
